{
  "originHash" : "c197343bc128057d9680982034e7da8c7d6b16a75d94aa349f1e5343e7cf515b",
  "pins" : [
    {
      "identity" : "swift-syntax",
      "kind" : "remoteSourceControl",
      "location" : "https://github.com/swiftlang/swift-syntax.git",
      "state" : {
        "revision" : "4799286537280063c85a32f09884cfbca301b1a1",
        "version" : "602.0.0"
      }
    },
    {
      "identity" : "swift-testing",
      "kind" : "remoteSourceControl",
      "location" : "https://github.com/swiftlang/swift-testing.git",
      "state" : {
        "revision" : "c9d57c83568b06da229ed24339a6228e8e3b438b",
        "version" : "6.2.1"
      }
    }
  ],
  "version" : 3
}
